
Microsoft Visual Studio Solution File, Format Version 12.00
# Visual Studio Version 16
VisualStudioVersion = 16.0.31025.194
MinimumVisualStudioVersion = 10.0.40219.1
Project("{FAE04EC0-301F-11D3-BF4B-00C04F79EFBC}") = "FoodApp", "FoodApp\FoodApp.csproj", "{9268FDAC-C70F-4A34-9304-E32F00727E25}"
EndProject
Global
	GlobalSection(SolutionConfigurationPlatforms) = preSolution
		Debug|Any CPU = Debug|Any CPU
		Release|Any CPU = Release|Any CPU
	EndGlobalSection
	GlobalSection(ProjectConfigurationPlatforms) = postSolution
		{9268FDAC-C70F-4A34-9304-E32F00727E25}.Debug|Any CPU.ActiveCfg = Debug|Any CPU
		{9268FDAC-C70F-4A34-9304-E32F00727E25}.Debug|Any CPU.Build.0 = Debug|Any CPU
		{9268FDAC-C70F-4A34-9304-E32F00727E25}.Release|Any CPU.ActiveCfg = Release|Any CPU
		{9268FDAC-C70F-4A34-9304-E32F00727E25}.Release|Any CPU.Build.0 = Release|Any CPU
	EndGlobalSection
	GlobalSection(SolutionProperties) = preSolution
		HideSolutionNode = FALSE
	EndGlobalSection
	GlobalSection(ExtensibilityGlobals) = postSolution
		SolutionGuid = {4C0CBB99-F988-4ACE-B84E-64E9CD7240C2}
	EndGlobalSection
EndGlobal
